
Microsoft Visual Studio Solution File, Format Version 12.00
# Visual Studio 15
VisualStudioVersion = 15.0.28010.2048
MinimumVisualStudioVersion = 10.0.40219.1
Project("{FAE04EC0-301F-11D3-BF4B-00C04F79EFBC}") = "SignalRChat", "SignalRChat\SignalRChat.csproj", "{632C9E21-14F5-4C4B-9861-F21DAFC1B96C}"
EndProject
Global
	GlobalSection(SolutionConfigurationPlatforms) = preSolution
		Debug|Any CPU = Debug|Any CPU
		Release|Any CPU = Release|Any CPU
	EndGlobalSection
	GlobalSection(ProjectConfigurationPlatforms) = postSolution
		{632C9E21-14F5-4C4B-9861-F21DAFC1B96C}.Debug|Any CPU.ActiveCfg = Debug|Any CPU
		{632C9E21-14F5-4C4B-9861-F21DAFC1B96C}.Debug|Any CPU.Build.0 = Debug|Any CPU
		{632C9E21-14F5-4C4B-9861-F21DAFC1B96C}.Release|Any CPU.ActiveCfg = Release|Any CPU
		{632C9E21-14F5-4C4B-9861-F21DAFC1B96C}.Release|Any CPU.Build.0 = Release|Any CPU
	EndGlobalSection
	GlobalSection(SolutionProperties) = preSolution
		HideSolutionNode = FALSE
	EndGlobalSection
	GlobalSection(ExtensibilityGlobals) = postSolution
		SolutionGuid = {BDE64D91-D4F3-4894-BB5B-036C3610ED6F}
	EndGlobalSection
EndGlobal
